<?xml version="1.0" encoding="utf-8"?>
<Project ToolsVersion="4.0" xmlns="http://schemas.microsoft.com/developer/msbuild/2003">
  <ItemGroup>
    <Filter Include="Form Files">
      <UniqueIdentifier>{99349809-55BA-4b9d-BF79-8FDBB0286EB3}</UniqueIdentifier>
      <Extensions>ui</Extensions>
      <ParseFiles>false</ParseFiles>
    </Filter>
    <Filter Include="Form Files">
      <UniqueIdentifier>{99349809-55BA-4b9d-BF79-8FDBB0286EB3}</UniqueIdentifier>
      <Extensions>ui</Extensions>
      <ParseFiles>false</ParseFiles>
    </Filter>
    <Filter Include="Generated Files">
      <UniqueIdentifier>{71ED8ED8-ACB9-4CE9-BBE1-E00B30144E11}</UniqueIdentifier>
      <Extensions>cpp;c;cxx;moc;h;def;odl;idl;res;</Extensions>
    </Filter>
    <Filter Include="Generated Files">
      <UniqueIdentifier>{71ED8ED8-ACB9-4CE9-BBE1-E00B30144E11}</UniqueIdentifier>
      <Extensions>cpp;c;cxx;moc;h;def;odl;idl;res;</Extensions>
    </Filter>
    <Filter Include="Header Files">
      <UniqueIdentifier>{93995380-89BD-4b04-88EB-625FBE52EBFB}</UniqueIdentifier>
      <Extensions>h;hpp;hxx;hm;inl;inc;xsd</Extensions>
    </Filter>
    <Filter Include="Header Files">
      <UniqueIdentifier>{93995380-89BD-4b04-88EB-625FBE52EBFB}</UniqueIdentifier>
      <Extensions>h;hpp;hxx;hm;inl;inc;xsd</Extensions>
    </Filter>
    <Filter Include="Resource Files">
      <UniqueIdentifier>{D9D6E242-F8AF-46E4-B9FD-80ECBC20BA3E}</UniqueIdentifier>
      <Extensions>qrc;*</Extensions>
      <ParseFiles>false</ParseFiles>
    </Filter>
    <Filter Include="Resource Files">
      <UniqueIdentifier>{D9D6E242-F8AF-46E4-B9FD-80ECBC20BA3E}</UniqueIdentifier>
      <Extensions>qrc;*</Extensions>
      <ParseFiles>false</ParseFiles>
    </Filter>
    <Filter Include="Source Files">
      <UniqueIdentifier>{4FC737F1-C7A5-4376-A066-2A32D752A2FF}</UniqueIdentifier>
      <Extensions>cpp;c;cxx;def;odl;idl;hpj;bat;asm;asmx</Extensions>
    </Filter>
    <Filter Include="Source Files">
      <UniqueIdentifier>{4FC737F1-C7A5-4376-A066-2A32D752A2FF}</UniqueIdentifier>
      <Extensions>cpp;c;cxx;def;odl;idl;hpj;bat;asm;asmx</Extensions>
    </Filter>
  </ItemGroup>
  <ItemGroup>
    <ClCompile Include="ApplicationDefine.cpp">
      <Filter>Source Files</Filter>
    </ClCompile>
    <ClCompile Include="Error.cpp">
      <Filter>Source Files</Filter>
    </ClCompile>
    <ClCompile Include="QProgressIndicator.cpp">
      <Filter>Source Files</Filter>
    </ClCompile>
    <ClCompile Include="comboboxitemdelegate.cpp">
      <Filter>Source Files</Filter>
    </ClCompile>
    <ClCompile Include="dngconverter.cpp">
      <Filter>Source Files</Filter>
    </ClCompile>
    <ClCompile Include="exttablemodel.cpp">
      <Filter>Source Files</Filter>
    </ClCompile>
    <ClCompile Include="filecopier.cpp">
      <Filter>Source Files</Filter>
    </ClCompile>
    <ClCompile Include="ftpuploader.cpp">
      <Filter>Source Files</Filter>
    </ClCompile>
    <ClCompile Include="ftpuploadermanager.cpp">
      <Filter>Source Files</Filter>
    </ClCompile>
    <ClCompile Include="imagecompressor.cpp">
      <Filter>Source Files</Filter>
    </ClCompile>
    <ClCompile Include="imageviewer.cpp">
      <Filter>Source Files</Filter>
    </ClCompile>
    <ClCompile Include="mailsender.cpp">
      <Filter>Source Files</Filter>
    </ClCompile>
    <ClCompile Include="main.cpp">
      <Filter>Source Files</Filter>
    </ClCompile>
    <ClCompile Include="mainwindow.cpp">
      <Filter>Source Files</Filter>
    </ClCompile>
    <ClCompile Include="movieconverter.cpp">
      <Filter>Source Files</Filter>
    </ClCompile>
    <ClCompile Include="mysettings.cpp">
      <Filter>Source Files</Filter>
    </ClCompile>
    <ClCompile Include="parallelanimationgroup.cpp">
      <Filter>Source Files</Filter>
    </ClCompile>
    <ClCompile Include="preference.cpp">
      <Filter>Source Files</Filter>
    </ClCompile>
    <ClCompile Include="preferencedialog.cpp">
      <Filter>Source Files</Filter>
    </ClCompile>
    <ClCompile Include="propertyanimation.cpp">
      <Filter>Source Files</Filter>
    </ClCompile>
    <ClCompile Include="scrollarea.cpp">
      <Filter>Source Files</Filter>
    </ClCompile>
    <ClCompile Include="scrollareaviewportwidget.cpp">
      <Filter>Source Files</Filter>
    </ClCompile>
    <ClCompile Include="sequentialanimationgroup.cpp">
      <Filter>Source Files</Filter>
    </ClCompile>
    <ClCompile Include="servertablemodel.cpp">
      <Filter>Source Files</Filter>
    </ClCompile>
    <ClCompile Include="settingfactory.cpp">
      <Filter>Source Files</Filter>
    </ClCompile>
    <ClCompile Include="shelltask.cpp">
      <Filter>Source Files</Filter>
    </ClCompile>
    <ClCompile Include="shoottitledatasource.cpp">
      <Filter>Source Files</Filter>
    </ClCompile>
    <ClCompile Include="tablemodel.cpp">
      <Filter>Source Files</Filter>
    </ClCompile>
    <ClCompile Include="taskeditwidget.cpp">
      <Filter>Source Files</Filter>
    </ClCompile>
    <ClCompile Include="tasklistcontainer.cpp">
      <Filter>Source Files</Filter>
    </ClCompile>
    <ClCompile Include="taskwidget.cpp">
      <Filter>Source Files</Filter>
    </ClCompile>
    <ClCompile Include="webservicenotifier.cpp">
      <Filter>Source Files</Filter>
    </ClCompile>
    <ClCompile Include="zipper.cpp">
      <Filter>Source Files</Filter>
    </ClCompile>
  </ItemGroup>
  <ItemGroup>
    <ClInclude Include="ApplicationDefine.h">
      <Filter>Header Files</Filter>
    </ClInclude>
    <QtMoc Include="Error.h">
      <Filter>Header Files</Filter>
    </QtMoc>
    <QtMoc Include="QProgressIndicator.h">
      <Filter>Header Files</Filter>
    </QtMoc>
    <QtMoc Include="comboboxitemdelegate.h">
      <Filter>Header Files</Filter>
    </QtMoc>
    <QtMoc Include="dngconverter.h">
      <Filter>Header Files</Filter>
    </QtMoc>
    <QtMoc Include="exttablemodel.h">
      <Filter>Header Files</Filter>
    </QtMoc>
    <QtMoc Include="filecopier.h">
      <Filter>Header Files</Filter>
    </QtMoc>
    <QtMoc Include="ftpuploader.h">
      <Filter>Header Files</Filter>
    </QtMoc>
    <QtMoc Include="ftpuploadermanager.h">
      <Filter>Header Files</Filter>
    </QtMoc>
    <QtMoc Include="imagecompressor.h">
      <Filter>Header Files</Filter>
    </QtMoc>
    <QtMoc Include="imageviewer.h">
      <Filter>Header Files</Filter>
    </QtMoc>
    <QtMoc Include="mailsender.h">
      <Filter>Header Files</Filter>
    </QtMoc>
    <QtMoc Include="mainwindow.h">
      <Filter>Header Files</Filter>
    </QtMoc>
    <QtMoc Include="movieconverter.h">
      <Filter>Header Files</Filter>
    </QtMoc>
    <QtMoc Include="mysettings.h">
      <Filter>Header Files</Filter>
    </QtMoc>
    <QtMoc Include="parallelanimationgroup.h">
      <Filter>Header Files</Filter>
    </QtMoc>
    <QtMoc Include="preference.h">
      <Filter>Header Files</Filter>
    </QtMoc>
    <QtMoc Include="preferencedialog.h">
      <Filter>Header Files</Filter>
    </QtMoc>
    <QtMoc Include="propertyanimation.h">
      <Filter>Header Files</Filter>
    </QtMoc>
    <ClInclude Include="resource.h">
      <Filter>Header Files</Filter>
    </ClInclude>
    <QtMoc Include="scrollarea.h">
      <Filter>Header Files</Filter>
    </QtMoc>
    <QtMoc Include="scrollareaviewportwidget.h">
      <Filter>Header Files</Filter>
    </QtMoc>
    <QtMoc Include="sequentialanimationgroup.h">
      <Filter>Header Files</Filter>
    </QtMoc>
    <QtMoc Include="servertablemodel.h">
      <Filter>Header Files</Filter>
    </QtMoc>
    <QtMoc Include="settingfactory.h">
      <Filter>Header Files</Filter>
    </QtMoc>
    <QtMoc Include="shelltask.h">
      <Filter>Header Files</Filter>
    </QtMoc>
    <ClInclude Include="shoottitledatasource.h">
      <Filter>Header Files</Filter>
    </ClInclude>
    <QtMoc Include="tablemodel.h">
      <Filter>Header Files</Filter>
    </QtMoc>
    <QtMoc Include="taskeditwidget.h">
      <Filter>Header Files</Filter>
    </QtMoc>
    <QtMoc Include="tasklistcontainer.h">
      <Filter>Header Files</Filter>
    </QtMoc>
    <QtMoc Include="taskwidget.h">
      <Filter>Header Files</Filter>
    </QtMoc>
    <QtMoc Include="webservicenotifier.h">
      <Filter>Header Files</Filter>
    </QtMoc>
    <QtMoc Include="zipper.h">
      <Filter>Header Files</Filter>
    </QtMoc>
  </ItemGroup>
  <ItemGroup>
    
    
    
    
    
    
    
    
    
    
    
    
    
    
    
    
    
    
    
    
    
    
    
    
    
    
    
    
    
    
    <CustomBuild Include="debug\moc_predefs.h.cbt">
      <Filter>Generated Files</Filter>
    </CustomBuild>
    <CustomBuild Include="release\moc_predefs.h.cbt">
      <Filter>Generated Files</Filter>
    </CustomBuild>
    
    
    
    
    
    
    
    
    
    
    
    
    
    
    
    
    
    
    
    
    
    
    
    
    
    
    
    
    
    
    
    
    <ClInclude Include="ui_mainwindow.h">
      <Filter>Generated Files</Filter>
    </ClInclude>
    <ClInclude Include="ui_preferencedialog.h">
      <Filter>Generated Files</Filter>
    </ClInclude>
    <ClInclude Include="ui_taskeditwidget.h">
      <Filter>Generated Files</Filter>
    </ClInclude>
    <ClInclude Include="ui_taskwidget.h">
      <Filter>Generated Files</Filter>
    </ClInclude>
  </ItemGroup>
  <ItemGroup>
    <QtUic Include="mainwindow.ui">
      <Filter>Form Files</Filter>
    </QtUic>
    <QtUic Include="preferencedialog.ui">
      <Filter>Form Files</Filter>
    </QtUic>
    <QtUic Include="taskeditwidget.ui">
      <Filter>Form Files</Filter>
    </QtUic>
    <QtUic Include="taskwidget.ui">
      <Filter>Form Files</Filter>
    </QtUic>
  </ItemGroup>
  <ItemGroup>
    <None Include="Images\HouseLensLogo.png">
      <Filter>Resource Files</Filter>
    </None>
    <None Include="Images\HouseLensText.png">
      <Filter>Resource Files</Filter>
    </None>
    <None Include="Images\add.png">
      <Filter>Resource Files</Filter>
    </None>
    <None Include="Images\appicon.png">
      <Filter>Resource Files</Filter>
    </None>
    <None Include="Images\checkbox-checked.png">
      <Filter>Resource Files</Filter>
    </None>
    <None Include="Images\checkbox-unchecked.png">
      <Filter>Resource Files</Filter>
    </None>
    <None Include="Images\delete.png">
      <Filter>Resource Files</Filter>
    </None>
    <None Include="Images\network-connect.tiff">
      <Filter>Resource Files</Filter>
    </None>
    <None Include="Images\network-disconnect.tiff">
      <Filter>Resource Files</Filter>
    </None>
    <None Include="Images\remove.png">
      <Filter>Resource Files</Filter>
    </None>
    <QtRcc Include="resource.qrc">
      <Filter>Resource Files</Filter>
    </QtRcc>
    <None Include="Images\run.png">
      <Filter>Resource Files</Filter>
    </None>
    <None Include="Images\search_shootTitle.png">
      <Filter>Resource Files</Filter>
    </None>
    <None Include="Images\setting.png">
      <Filter>Resource Files</Filter>
    </None>
    <None Include="Images\stop.png">
      <Filter>Resource Files</Filter>
    </None>
  </ItemGroup>
  <ItemGroup>
    <ResourceCompile Include="HouseLensUploader.rc" />
  </ItemGroup>
</Project>